
Microsoft Visual Studio Solution File, Format Version 12.00
# Visual Studio Version 17
VisualStudioVersion = 17.3.32825.248
MinimumVisualStudioVersion = 10.0.40219.1
Project("{FAE04EC0-301F-11D3-BF4B-00C04F79EFBC}") = "TestApp", "TestApp\TestApp.csproj", "{70E852BA-9C9A-4115-BA8A-CB06C13695AF}"
EndProject
Project("{FAE04EC0-301F-11D3-BF4B-00C04F79EFBC}") = "TableStorageShared", "TableStorageShared\TableStorageShared.csproj", "{8AC43F19-EF55-463C-8826-15D7B02C4D98}"
EndProject
Global
	GlobalSection(SolutionConfigurationPlatforms) = preSolution
		Debug|Any CPU = Debug|Any CPU
		Release|Any CPU = Release|Any CPU
	EndGlobalSection
	GlobalSection(ProjectConfigurationPlatforms) = postSolution
		{70E852BA-9C9A-4115-BA8A-CB06C13695AF}.Debug|Any CPU.ActiveCfg = Debug|Any CPU
		{70E852BA-9C9A-4115-BA8A-CB06C13695AF}.Debug|Any CPU.Build.0 = Debug|Any CPU
		{70E852BA-9C9A-4115-BA8A-CB06C13695AF}.Release|Any CPU.ActiveCfg = Release|Any CPU
		{70E852BA-9C9A-4115-BA8A-CB06C13695AF}.Release|Any CPU.Build.0 = Release|Any CPU
		{8AC43F19-EF55-463C-8826-15D7B02C4D98}.Debug|Any CPU.ActiveCfg = Debug|Any CPU
		{8AC43F19-EF55-463C-8826-15D7B02C4D98}.Debug|Any CPU.Build.0 = Debug|Any CPU
		{8AC43F19-EF55-463C-8826-15D7B02C4D98}.Release|Any CPU.ActiveCfg = Release|Any CPU
		{8AC43F19-EF55-463C-8826-15D7B02C4D98}.Release|Any CPU.Build.0 = Release|Any CPU
	EndGlobalSection
	GlobalSection(SolutionProperties) = preSolution
		HideSolutionNode = FALSE
	EndGlobalSection
	GlobalSection(ExtensibilityGlobals) = postSolution
		SolutionGuid = {B2FC5B23-1D9A-4BED-BACC-75415D38577F}
	EndGlobalSection
EndGlobal
